{
  "name": "daily-coding-challenge",
  "version": "1.0.0",
  "lockfileVersion": 2,
  "requires": true,
  "packages": {
    "": {
      "name": "daily-coding-challenge",
      "version": "1.0.0",
      "license": "Apache 2",
      "dependencies": {
        "@types/node": "^18.16.1",
        "marked": "^4.3.0",
        "marked-terminal": "^5.1.1",
        "readline-sync": "^1.4.10",
        "ts-node": "^10.9.1",
        "typescript": "^5.0.4",
        "yargs": "^17.7.1"
      }
    },
    "node_modules/@colors/colors": {
      "version": "1.5.0",
      "resolved": "http://artifactory.shuttercorp.net/artifactory/api/npm/npm-composite/@colors/colors/-/colors-1.5.0.tgz",
      "integrity": "sha1-u1BFecHK6SPmV2pPXaQ9Jfl729k=",
      "license": "MIT",
      "optional": true,
      "engines": {
        "node": ">=0.1.90"
      }
    },
    "node_modules/@cspotcode/source-map-support": {
      "version": "0.8.1",
      "resolved": "http://artifactory.shuttercorp.net/artifactory/api/npm/npm-composite/@cspotcode/source-map-support/-/source-map-support-0.8.1.tgz",
      "integrity": "sha1-AGKcNaaI4FqIsc2mhPudXnPwAKE=",
      "license": "MIT",
      "dependencies": {
        "@jridgewell/trace-mapping": "0.3.9"
      },
      "engines": {
        "node": ">=12"
      }
    },
    "node_modules/@jridgewell/resolve-uri": {
      "version": "3.1.1",
      "resolved": "http://artifactory.shuttercorp.net/artifactory/api/npm/npm-composite/@jridgewell/resolve-uri/-/resolve-uri-3.1.1.tgz",
      "integrity": "sha1-wIZ5Bj8nlhWjMmWDujqQ0dgsxyE=",
      "license": "MIT",
      "engines": {
        "node": ">=6.0.0"
      }
    },
    "node_modules/@jridgewell/sourcemap-codec": {
      "version": "1.4.15",
      "resolved": "http://artifactory.shuttercorp.net/artifactory/api/npm/npm-composite/@jridgewell/sourcemap-codec/-/sourcemap-codec-1.4.15.tgz",
      "integrity": "sha1-18bmdVx4VnqVHgSrUu8P0m3lnzI=",
      "license": "MIT"
    },
    "node_modules/@jridgewell/trace-mapping": {
      "version": "0.3.9",
      "resolved": "http://artifactory.shuttercorp.net/artifactory/api/npm/npm-composite/@jridgewell/trace-mapping/-/trace-mapping-0.3.9.tgz",
      "integrity": "sha1-ZTT9WTOlO6fL86F2FeJzoNEnP/k=",
      "license": "MIT",
      "dependencies": {
        "@jridgewell/resolve-uri": "^3.0.3",
        "@jridgewell/sourcemap-codec": "^1.4.10"
      }
    },
    "node_modules/@tsconfig/node10": {
      "version": "1.0.9",
      "resolved": "http://artifactory.shuttercorp.net/artifactory/api/npm/npm-composite/@tsconfig/node10/-/node10-1.0.9.tgz",
      "integrity": "sha1-30kH/AeohpImN7FeAtTOvEwAIbI=",
      "license": "MIT"
    },
    "node_modules/@tsconfig/node12": {
      "version": "1.0.11",
      "resolved": "http://artifactory.shuttercorp.net/artifactory/api/npm/npm-composite/@tsconfig/node12/-/node12-1.0.11.tgz",
      "integrity": "sha1-7j3vHyfZ7WbaxuRqKVz/sBUuBY0=",
      "license": "MIT"
    },
    "node_modules/@tsconfig/node14": {
      "version": "1.0.3",
      "resolved": "http://artifactory.shuttercorp.net/artifactory/api/npm/npm-composite/@tsconfig/node14/-/node14-1.0.3.tgz",
      "integrity": "sha1-5DhjFihPALmENb9A9y91oJ2r9sE=",
      "license": "MIT"
    },
    "node_modules/@tsconfig/node16": {
      "version": "1.0.3",
      "resolved": "http://artifactory.shuttercorp.net/artifactory/api/npm/npm-composite/@tsconfig/node16/-/node16-1.0.3.tgz",
      "integrity": "sha1-Ry6qtfFcH/3X+GKL1MT3U5lex54=",
      "license": "MIT"
    },
    "node_modules/@types/node": {
      "version": "18.16.1",
      "resolved": "http://artifactory.shuttercorp.net/artifactory/api/npm/npm-composite/@types/node/-/node-18.16.1.tgz",
      "integrity": "sha1-XbEh6cU1KSW7HxuJLErmIONSZ5k=",
      "license": "MIT"
    },
    "node_modules/acorn": {
      "version": "8.8.2",
      "resolved": "http://artifactory.shuttercorp.net/artifactory/api/npm/npm-composite/acorn/-/acorn-8.8.2.tgz",
      "integrity": "sha1-Gy8l2wKvllOZuXdrDCw5EnbTfEo=",
      "license": "MIT",
      "bin": {
        "acorn": "bin/acorn"
      },
      "engines": {
        "node": ">=0.4.0"
      }
    },
    "node_modules/acorn-walk": {
      "version": "8.2.0",
      "resolved": "http://artifactory.shuttercorp.net/artifactory/api/npm/npm-composite/acorn-walk/-/acorn-walk-8.2.0.tgz",
      "integrity": "sha1-dBIQ8uJCZFRQiFOi9E0KuDt/acE=",
      "license": "MIT",
      "engines": {
        "node": ">=0.4.0"
      }
    },
    "node_modules/ansi-escapes": {
      "version": "5.0.0",
      "resolved": "http://artifactory.shuttercorp.net/artifactory/api/npm/npm-composite/ansi-escapes/-/ansi-escapes-5.0.0.tgz",
      "integrity": "sha1-tqDK8O7wxBrxkOmnSeDADsBLsqY=",
      "license": "MIT",
      "dependencies": {
        "type-fest": "^1.0.2"
      },
      "engines": {
        "node": ">=12"
      },
      "funding": {
        "url": "https://github.com/sponsors/sindresorhus"
      }
    },
    "node_modules/ansi-regex": {
      "version": "5.0.1",
      "resolved": "http://artifactory.shuttercorp.net/artifactory/api/npm/npm-composite/ansi-regex/-/ansi-regex-5.0.1.tgz",
      "integrity": "sha1-CCyyyJyf6GWaMRpTvWpNxTAdswQ=",
      "license": "MIT",
      "engines": {
        "node": ">=8"
      }
    },
    "node_modules/ansi-styles": {
      "version": "4.3.0",
      "resolved": "http://artifactory.shuttercorp.net/artifactory/api/npm/npm-composite/ansi-styles/-/ansi-styles-4.3.0.tgz",
      "integrity": "sha1-7dgDYornHATIWuegkG7a00tkiTc=",
      "license": "MIT",
      "dependencies": {
        "color-convert": "^2.0.1"
      },
      "engines": {
        "node": ">=8"
      },
      "funding": {
        "url": "https://github.com/chalk/ansi-styles?sponsor=1"
      }
    },
    "node_modules/ansicolors": {
      "version": "0.3.2",
      "resolved": "http://artifactory.shuttercorp.net/artifactory/api/npm/npm-composite/ansicolors/-/ansicolors-0.3.2.tgz",
      "integrity": "sha1-ZlWX3oap/+Oqm/vmyuXG6kJrSXk=",
      "license": "MIT"
    },
    "node_modules/arg": {
      "version": "4.1.3",
      "resolved": "http://artifactory.shuttercorp.net/artifactory/api/npm/npm-composite/arg/-/arg-4.1.3.tgz",
      "integrity": "sha1-Jp/HrVuOQstjyJbVZmAXJhwUQIk=",
      "license": "MIT"
    },
    "node_modules/cardinal": {
      "version": "2.1.1",
      "resolved": "http://artifactory.shuttercorp.net/artifactory/api/npm/npm-composite/cardinal/-/cardinal-2.1.1.tgz",
      "integrity": "sha1-fMEFXYItISlU0HsIXeolHMe8VQU=",
      "license": "MIT",
      "dependencies": {
        "ansicolors": "~0.3.2",
        "redeyed": "~2.1.0"
      },
      "bin": {
        "cdl": "bin/cdl.js"
      }
    },
    "node_modules/chalk": {
      "version": "5.2.0",
      "resolved": "http://artifactory.shuttercorp.net/artifactory/api/npm/npm-composite/chalk/-/chalk-5.2.0.tgz",
      "integrity": "sha1-JJYjt9ZoacZzaZ+2bWVyPlTfz7M=",
      "license": "MIT",
      "engines": {
        "node": "^12.17.0 || ^14.13 || >=16.0.0"
      },
      "funding": {
        "url": "https://github.com/chalk/chalk?sponsor=1"
      }
    },
    "node_modules/cli-table3": {
      "version": "0.6.3",
      "resolved": "http://artifactory.shuttercorp.net/artifactory/api/npm/npm-composite/cli-table3/-/cli-table3-0.6.3.tgz",
      "integrity": "sha1-Yat2WqwVa1LyIpVP/GB6bwHb7rI=",
      "license": "MIT",
      "dependencies": {
        "string-width": "^4.2.0"
      },
      "engines": {
        "node": "10.* || >= 12.*"
      },
      "optionalDependencies": {
        "@colors/colors": "1.5.0"
      }
    },
    "node_modules/cliui": {
      "version": "8.0.1",
      "resolved": "http://artifactory.shuttercorp.net/artifactory/api/npm/npm-composite/cliui/-/cliui-8.0.1.tgz",
      "integrity": "sha1-DASwddsCy/5g3I5s8vVIaxo2CKo=",
      "license": "ISC",
      "dependencies": {
        "string-width": "^4.2.0",
        "strip-ansi": "^6.0.1",
        "wrap-ansi": "^7.0.0"
      },
      "engines": {
        "node": ">=12"
      }
    },
    "node_modules/color-convert": {
      "version": "2.0.1",
      "resolved": "http://artifactory.shuttercorp.net/artifactory/api/npm/npm-composite/color-convert/-/color-convert-2.0.1.tgz",
      "integrity": "sha1-ctOmjVmMm9s68q0ehPIdiWq9TeM=",
      "license": "MIT",
      "dependencies": {
        "color-name": "~1.1.4"
      },
      "engines": {
        "node": ">=7.0.0"
      }
    },
    "node_modules/color-name": {
      "version": "1.1.4",
      "resolved": "http://artifactory.shuttercorp.net/artifactory/api/npm/npm-composite/color-name/-/color-name-1.1.4.tgz",
      "integrity": "sha1-wqCah6y95pVD3m9j+jmVyCbFNqI=",
      "license": "MIT"
    },
    "node_modules/create-require": {
      "version": "1.1.1",
      "resolved": "http://artifactory.shuttercorp.net/artifactory/api/npm/npm-composite/create-require/-/create-require-1.1.1.tgz",
      "integrity": "sha1-wdfo8eX2z8n/ZfnNNS03NIdWwzM=",
      "license": "MIT"
    },
    "node_modules/diff": {
      "version": "4.0.2",
      "resolved": "http://artifactory.shuttercorp.net/artifactory/api/npm/npm-composite/diff/-/diff-4.0.2.tgz",
      "integrity": "sha1-YPOuy4nV+uUgwRqhnvwruYKq3n0=",
      "license": "BSD-3-Clause",
      "engines": {
        "node": ">=0.3.1"
      }
    },
    "node_modules/emoji-regex": {
      "version": "8.0.0",
      "resolved": "http://artifactory.shuttercorp.net/artifactory/api/npm/npm-composite/emoji-regex/-/emoji-regex-8.0.0.tgz",
      "integrity": "sha1-6Bj9ac5cz8tARZT4QpY79TFkzDc=",
      "license": "MIT"
    },
    "node_modules/escalade": {
      "version": "3.1.1",
      "resolved": "http://artifactory.shuttercorp.net/artifactory/api/npm/npm-composite/escalade/-/escalade-3.1.1.tgz",
      "integrity": "sha1-2M/ccACWXFoBdLSoLqpcBVJ0LkA=",
      "license": "MIT",
      "engines": {
        "node": ">=6"
      }
    },
    "node_modules/esprima": {
      "version": "4.0.1",
      "resolved": "http://artifactory.shuttercorp.net/artifactory/api/npm/npm-composite/esprima/-/esprima-4.0.1.tgz",
      "integrity": "sha1-E7BM2z5sXRnfkatph6hpVhmwqnE=",
      "license": "BSD-2-Clause",
      "bin": {
        "esparse": "bin/esparse.js",
        "esvalidate": "bin/esvalidate.js"
      },
      "engines": {
        "node": ">=4"
      }
    },
    "node_modules/get-caller-file": {
      "version": "2.0.5",
      "resolved": "http://artifactory.shuttercorp.net/artifactory/api/npm/npm-composite/get-caller-file/-/get-caller-file-2.0.5.tgz",
      "integrity": "sha1-T5RBKoLbMvNuOwuXQfipf+sDH34=",
      "license": "ISC",
      "engines": {
        "node": "6.* || 8.* || >= 10.*"
      }
    },
    "node_modules/has-flag": {
      "version": "4.0.0",
      "resolved": "http://artifactory.shuttercorp.net/artifactory/api/npm/npm-composite/has-flag/-/has-flag-4.0.0.tgz",
      "integrity": "sha1-lEdx/ZyByBJlxNaUGGDaBrtZR5s=",
      "license": "MIT",
      "engines": {
        "node": ">=8"
      }
    },
    "node_modules/is-fullwidth-code-point": {
      "version": "3.0.0",
      "resolved": "http://artifactory.shuttercorp.net/artifactory/api/npm/npm-composite/is-fullwidth-code-point/-/is-fullwidth-code-point-3.0.0.tgz",
      "integrity": "sha1-8Rb4Bk/pCz94RKOJl8C3UFEmnx0=",
      "license": "MIT",
      "engines": {
        "node": ">=8"
      }
    },
    "node_modules/lodash": {
      "version": "4.17.21",
      "resolved": "http://artifactory.shuttercorp.net/artifactory/api/npm/npm-composite/lodash/-/lodash-4.17.21.tgz",
      "integrity": "sha1-Z5WRxWTDv/quhFTPCz3zcMPWkRw=",
      "license": "MIT"
    },
    "node_modules/make-error": {
      "version": "1.3.6",
      "resolved": "http://artifactory.shuttercorp.net/artifactory/api/npm/npm-composite/make-error/-/make-error-1.3.6.tgz",
      "integrity": "sha1-LrLjfqm2fEiR9oShOUeZr0hM96I=",
      "license": "ISC"
    },
    "node_modules/marked": {
      "version": "4.3.0",
      "resolved": "http://artifactory.shuttercorp.net/artifactory/api/npm/npm-composite/marked/-/marked-4.3.0.tgz",
      "integrity": "sha1-eWNighsBn3NAVFggOLEWSBtFbPM=",
      "license": "MIT",
      "bin": {
        "marked": "bin/marked.js"
      },
      "engines": {
        "node": ">= 12"
      }
    },
    "node_modules/marked-terminal": {
      "version": "5.1.1",
      "resolved": "http://artifactory.shuttercorp.net/artifactory/api/npm/npm-composite/marked-terminal/-/marked-terminal-5.1.1.tgz",
      "integrity": "sha1-0u3CmRhB2JPulDtEtAsu6VGLTZ8=",
      "license": "MIT",
      "dependencies": {
        "ansi-escapes": "^5.0.0",
        "cardinal": "^2.1.1",
        "chalk": "^5.0.0",
        "cli-table3": "^0.6.1",
        "node-emoji": "^1.11.0",
        "supports-hyperlinks": "^2.2.0"
      },
      "engines": {
        "node": ">=14.13.1 || >=16.0.0"
      },
      "peerDependencies": {
        "marked": "^1.0.0 || ^2.0.0 || ^3.0.0 || ^4.0.0"
      }
    },
    "node_modules/node-emoji": {
      "version": "1.11.0",
      "resolved": "http://artifactory.shuttercorp.net/artifactory/api/npm/npm-composite/node-emoji/-/node-emoji-1.11.0.tgz",
      "integrity": "sha1-aaAVDmlG4vEV6dfqTfeXHiYoMBw=",
      "license": "MIT",
      "dependencies": {
        "lodash": "^4.17.21"
      }
    },
    "node_modules/readline-sync": {
      "version": "1.4.10",
      "resolved": "http://artifactory.shuttercorp.net/artifactory/api/npm/npm-composite/readline-sync/-/readline-sync-1.4.10.tgz",
      "integrity": "sha1-Qd9/u0tjEtZzARWUFFcFv1bYhzs=",
      "license": "MIT",
      "engines": {
        "node": ">= 0.8.0"
      }
    },
    "node_modules/redeyed": {
      "version": "2.1.1",
      "resolved": "http://artifactory.shuttercorp.net/artifactory/api/npm/npm-composite/redeyed/-/redeyed-2.1.1.tgz",
      "integrity": "sha1-iYS1gV2ZyyIEacme7v/jiRPmzAs=",
      "license": "MIT",
      "dependencies": {
        "esprima": "~4.0.0"
      }
    },
    "node_modules/require-directory": {
      "version": "2.1.1",
      "resolved": "http://artifactory.shuttercorp.net/artifactory/api/npm/npm-composite/require-directory/-/require-directory-2.1.1.tgz",
      "integrity": "sha1-jGStX9MNqxyXbiNE/+f3kqam30I=",
      "license": "MIT",
      "engines": {
        "node": ">=0.10.0"
      }
    },
    "node_modules/string-width": {
      "version": "4.2.3",
      "resolved": "http://artifactory.shuttercorp.net/artifactory/api/npm/npm-composite/string-width/-/string-width-4.2.3.tgz",
      "integrity": "sha1-JpxxF9J7Ba0uU2gwqOyJXvnG0BA=",
      "license": "MIT",
      "dependencies": {
        "emoji-regex": "^8.0.0",
        "is-fullwidth-code-point": "^3.0.0",
        "strip-ansi": "^6.0.1"
      },
      "engines": {
        "node": ">=8"
      }
    },
    "node_modules/strip-ansi": {
      "version": "6.0.1",
      "resolved": "http://artifactory.shuttercorp.net/artifactory/api/npm/npm-composite/strip-ansi/-/strip-ansi-6.0.1.tgz",
      "integrity": "sha1-nibGPTD1NEPpSJSVshBdN7Z6hdk=",
      "license": "MIT",
      "dependencies": {
        "ansi-regex": "^5.0.1"
      },
      "engines": {
        "node": ">=8"
      }
    },
    "node_modules/supports-color": {
      "version": "7.2.0",
      "resolved": "http://artifactory.shuttercorp.net/artifactory/api/npm/npm-composite/supports-color/-/supports-color-7.2.0.tgz",
      "integrity": "sha1-G33NyzK4E4gBs+R4umpRyqiWSNo=",
      "license": "MIT",
      "dependencies": {
        "has-flag": "^4.0.0"
      },
      "engines": {
        "node": ">=8"
      }
    },
    "node_modules/supports-hyperlinks": {
      "version": "2.3.0",
      "resolved": "http://artifactory.shuttercorp.net/artifactory/api/npm/npm-composite/supports-hyperlinks/-/supports-hyperlinks-2.3.0.tgz",
      "integrity": "sha1-OUNUQ0fB/5CxXv+wP8FK5F7BBiQ=",
      "license": "MIT",
      "dependencies": {
        "has-flag": "^4.0.0",
        "supports-color": "^7.0.0"
      },
      "engines": {
        "node": ">=8"
      }
    },
    "node_modules/ts-node": {
      "version": "10.9.1",
      "resolved": "http://artifactory.shuttercorp.net/artifactory/api/npm/npm-composite/ts-node/-/ts-node-10.9.1.tgz",
      "integrity": "sha1-5z3pEClYr54fCxaKb/Mg4lrc/0s=",
      "license": "MIT",
      "dependencies": {
        "@cspotcode/source-map-support": "^0.8.0",
        "@tsconfig/node10": "^1.0.7",
        "@tsconfig/node12": "^1.0.7",
        "@tsconfig/node14": "^1.0.0",
        "@tsconfig/node16": "^1.0.2",
        "acorn": "^8.4.1",
        "acorn-walk": "^8.1.1",
        "arg": "^4.1.0",
        "create-require": "^1.1.0",
        "diff": "^4.0.1",
        "make-error": "^1.1.1",
        "v8-compile-cache-lib": "^3.0.1",
        "yn": "3.1.1"
      },
      "bin": {
        "ts-node": "dist/bin.js",
        "ts-node-cwd": "dist/bin-cwd.js",
        "ts-node-esm": "dist/bin-esm.js",
        "ts-node-script": "dist/bin-script.js",
        "ts-node-transpile-only": "dist/bin-transpile.js",
        "ts-script": "dist/bin-script-deprecated.js"
      },
      "peerDependencies": {
        "@swc/core": ">=1.2.50",
        "@swc/wasm": ">=1.2.50",
        "@types/node": "*",
        "typescript": ">=2.7"
      },
      "peerDependenciesMeta": {
        "@swc/core": {
          "optional": true
        },
        "@swc/wasm": {
          "optional": true
        }
      }
    },
    "node_modules/type-fest": {
      "version": "1.4.0",
      "resolved": "http://artifactory.shuttercorp.net/artifactory/api/npm/npm-composite/type-fest/-/type-fest-1.4.0.tgz",
      "integrity": "sha1-6fuBP+O/F0TsNZ1V0a/++nbxS+E=",
      "license": "(MIT OR CC0-1.0)",
      "engines": {
        "node": ">=10"
      },
      "funding": {
        "url": "https://github.com/sponsors/sindresorhus"
      }
    },
    "node_modules/typescript": {
      "version": "5.0.4",
      "resolved": "http://artifactory.shuttercorp.net/artifactory/api/npm/npm-composite/typescript/-/typescript-5.0.4.tgz",
      "integrity": "sha1-shf9IBGb1hqU1AESdOCrNpBY2js=",
      "license": "Apache-2.0",
      "bin": {
        "tsc": "bin/tsc",
        "tsserver": "bin/tsserver"
      },
      "engines": {
        "node": ">=12.20"
      }
    },
    "node_modules/v8-compile-cache-lib": {
      "version": "3.0.1",
      "resolved": "http://artifactory.shuttercorp.net/artifactory/api/npm/npm-composite/v8-compile-cache-lib/-/v8-compile-cache-lib-3.0.1.tgz",
      "integrity": "sha1-Yzbo1xllyz01obu3hoRFp8BSZL8=",
      "license": "MIT"
    },
    "node_modules/wrap-ansi": {
      "version": "7.0.0",
      "resolved": "http://artifactory.shuttercorp.net/artifactory/api/npm/npm-composite/wrap-ansi/-/wrap-ansi-7.0.0.tgz",
      "integrity": "sha1-Z+FFz/UQpqaYS98RUpEdadLrnkM=",
      "license": "MIT",
      "dependencies": {
        "ansi-styles": "^4.0.0",
        "string-width": "^4.1.0",
        "strip-ansi": "^6.0.0"
      },
      "engines": {
        "node": ">=10"
      },
      "funding": {
        "url": "https://github.com/chalk/wrap-ansi?sponsor=1"
      }
    },
    "node_modules/y18n": {
      "version": "5.0.8",
      "resolved": "http://artifactory.shuttercorp.net/artifactory/api/npm/npm-composite/y18n/-/y18n-5.0.8.tgz",
      "integrity": "sha1-f0k00PfKjFb5UxSTndzS3ZHOHVU=",
      "license": "ISC",
      "engines": {
        "node": ">=10"
      }
    },
    "node_modules/yargs": {
      "version": "17.7.1",
      "resolved": "http://artifactory.shuttercorp.net/artifactory/api/npm/npm-composite/yargs/-/yargs-17.7.1.tgz",
      "integrity": "sha1-NKd2RSAdGo/FITrOeHwiDqu9CWc=",
      "license": "MIT",
      "dependencies": {
        "cliui": "^8.0.1",
        "escalade": "^3.1.1",
        "get-caller-file": "^2.0.5",
        "require-directory": "^2.1.1",
        "string-width": "^4.2.3",
        "y18n": "^5.0.5",
        "yargs-parser": "^21.1.1"
      },
      "engines": {
        "node": ">=12"
      }
    },
    "node_modules/yargs-parser": {
      "version": "21.1.1",
      "resolved": "http://artifactory.shuttercorp.net/artifactory/api/npm/npm-composite/yargs-parser/-/yargs-parser-21.1.1.tgz",
      "integrity": "sha1-kJa87r+ZDSG7MfqVFuDt4pSnfTU=",
      "license": "ISC",
      "engines": {
        "node": ">=12"
      }
    },
    "node_modules/yn": {
      "version": "3.1.1",
      "resolved": "http://artifactory.shuttercorp.net/artifactory/api/npm/npm-composite/yn/-/yn-3.1.1.tgz",
      "integrity": "sha1-HodAGgnXZ8HV6rJqbkwYUYLS61A=",
      "license": "MIT",
      "engines": {
        "node": ">=6"
      }
    }
  },
  "dependencies": {
    "@colors/colors": {
      "version": "1.5.0",
      "resolved": "http://artifactory.shuttercorp.net/artifactory/api/npm/npm-composite/@colors/colors/-/colors-1.5.0.tgz",
      "integrity": "sha1-u1BFecHK6SPmV2pPXaQ9Jfl729k=",
      "optional": true
    },
    "@cspotcode/source-map-support": {
      "version": "0.8.1",
      "resolved": "http://artifactory.shuttercorp.net/artifactory/api/npm/npm-composite/@cspotcode/source-map-support/-/source-map-support-0.8.1.tgz",
      "integrity": "sha1-AGKcNaaI4FqIsc2mhPudXnPwAKE=",
      "requires": {
        "@jridgewell/trace-mapping": "0.3.9"
      }
    },
    "@jridgewell/resolve-uri": {
      "version": "3.1.1",
      "resolved": "http://artifactory.shuttercorp.net/artifactory/api/npm/npm-composite/@jridgewell/resolve-uri/-/resolve-uri-3.1.1.tgz",
      "integrity": "sha1-wIZ5Bj8nlhWjMmWDujqQ0dgsxyE="
    },
    "@jridgewell/sourcemap-codec": {
      "version": "1.4.15",
      "resolved": "http://artifactory.shuttercorp.net/artifactory/api/npm/npm-composite/@jridgewell/sourcemap-codec/-/sourcemap-codec-1.4.15.tgz",
      "integrity": "sha1-18bmdVx4VnqVHgSrUu8P0m3lnzI="
    },
    "@jridgewell/trace-mapping": {
      "version": "0.3.9",
      "resolved": "http://artifactory.shuttercorp.net/artifactory/api/npm/npm-composite/@jridgewell/trace-mapping/-/trace-mapping-0.3.9.tgz",
      "integrity": "sha1-ZTT9WTOlO6fL86F2FeJzoNEnP/k=",
      "requires": {
        "@jridgewell/resolve-uri": "^3.0.3",
        "@jridgewell/sourcemap-codec": "^1.4.10"
      }
    },
    "@tsconfig/node10": {
      "version": "1.0.9",
      "resolved": "http://artifactory.shuttercorp.net/artifactory/api/npm/npm-composite/@tsconfig/node10/-/node10-1.0.9.tgz",
      "integrity": "sha1-30kH/AeohpImN7FeAtTOvEwAIbI="
    },
    "@tsconfig/node12": {
      "version": "1.0.11",
      "resolved": "http://artifactory.shuttercorp.net/artifactory/api/npm/npm-composite/@tsconfig/node12/-/node12-1.0.11.tgz",
      "integrity": "sha1-7j3vHyfZ7WbaxuRqKVz/sBUuBY0="
    },
    "@tsconfig/node14": {
      "version": "1.0.3",
      "resolved": "http://artifactory.shuttercorp.net/artifactory/api/npm/npm-composite/@tsconfig/node14/-/node14-1.0.3.tgz",
      "integrity": "sha1-5DhjFihPALmENb9A9y91oJ2r9sE="
    },
    "@tsconfig/node16": {
      "version": "1.0.3",
      "resolved": "http://artifactory.shuttercorp.net/artifactory/api/npm/npm-composite/@tsconfig/node16/-/node16-1.0.3.tgz",
      "integrity": "sha1-Ry6qtfFcH/3X+GKL1MT3U5lex54="
    },
    "@types/node": {
      "version": "18.16.1",
      "resolved": "http://artifactory.shuttercorp.net/artifactory/api/npm/npm-composite/@types/node/-/node-18.16.1.tgz",
      "integrity": "sha1-XbEh6cU1KSW7HxuJLErmIONSZ5k="
    },
    "acorn": {
      "version": "8.8.2",
      "resolved": "http://artifactory.shuttercorp.net/artifactory/api/npm/npm-composite/acorn/-/acorn-8.8.2.tgz",
      "integrity": "sha1-Gy8l2wKvllOZuXdrDCw5EnbTfEo="
    },
    "acorn-walk": {
      "version": "8.2.0",
      "resolved": "http://artifactory.shuttercorp.net/artifactory/api/npm/npm-composite/acorn-walk/-/acorn-walk-8.2.0.tgz",
      "integrity": "sha1-dBIQ8uJCZFRQiFOi9E0KuDt/acE="
    },
    "ansi-escapes": {
      "version": "5.0.0",
      "resolved": "http://artifactory.shuttercorp.net/artifactory/api/npm/npm-composite/ansi-escapes/-/ansi-escapes-5.0.0.tgz",
      "integrity": "sha1-tqDK8O7wxBrxkOmnSeDADsBLsqY=",
      "requires": {
        "type-fest": "^1.0.2"
      }
    },
    "ansi-regex": {
      "version": "5.0.1",
      "resolved": "http://artifactory.shuttercorp.net/artifactory/api/npm/npm-composite/ansi-regex/-/ansi-regex-5.0.1.tgz",
      "integrity": "sha1-CCyyyJyf6GWaMRpTvWpNxTAdswQ="
    },
    "ansi-styles": {
      "version": "4.3.0",
      "resolved": "http://artifactory.shuttercorp.net/artifactory/api/npm/npm-composite/ansi-styles/-/ansi-styles-4.3.0.tgz",
      "integrity": "sha1-7dgDYornHATIWuegkG7a00tkiTc=",
      "requires": {
        "color-convert": "^2.0.1"
      }
    },
    "ansicolors": {
      "version": "0.3.2",
      "resolved": "http://artifactory.shuttercorp.net/artifactory/api/npm/npm-composite/ansicolors/-/ansicolors-0.3.2.tgz",
      "integrity": "sha1-ZlWX3oap/+Oqm/vmyuXG6kJrSXk="
    },
    "arg": {
      "version": "4.1.3",
      "resolved": "http://artifactory.shuttercorp.net/artifactory/api/npm/npm-composite/arg/-/arg-4.1.3.tgz",
      "integrity": "sha1-Jp/HrVuOQstjyJbVZmAXJhwUQIk="
    },
    "cardinal": {
      "version": "2.1.1",
      "resolved": "http://artifactory.shuttercorp.net/artifactory/api/npm/npm-composite/cardinal/-/cardinal-2.1.1.tgz",
      "integrity": "sha1-fMEFXYItISlU0HsIXeolHMe8VQU=",
      "requires": {
        "ansicolors": "~0.3.2",
        "redeyed": "~2.1.0"
      }
    },
    "chalk": {
      "version": "5.2.0",
      "resolved": "http://artifactory.shuttercorp.net/artifactory/api/npm/npm-composite/chalk/-/chalk-5.2.0.tgz",
      "integrity": "sha1-JJYjt9ZoacZzaZ+2bWVyPlTfz7M="
    },
    "cli-table3": {
      "version": "0.6.3",
      "resolved": "http://artifactory.shuttercorp.net/artifactory/api/npm/npm-composite/cli-table3/-/cli-table3-0.6.3.tgz",
      "integrity": "sha1-Yat2WqwVa1LyIpVP/GB6bwHb7rI=",
      "requires": {
        "@colors/colors": "1.5.0",
        "string-width": "^4.2.0"
      }
    },
    "cliui": {
      "version": "8.0.1",
      "resolved": "http://artifactory.shuttercorp.net/artifactory/api/npm/npm-composite/cliui/-/cliui-8.0.1.tgz",
      "integrity": "sha1-DASwddsCy/5g3I5s8vVIaxo2CKo=",
      "requires": {
        "string-width": "^4.2.0",
        "strip-ansi": "^6.0.1",
        "wrap-ansi": "^7.0.0"
      }
    },
    "color-convert": {
      "version": "2.0.1",
      "resolved": "http://artifactory.shuttercorp.net/artifactory/api/npm/npm-composite/color-convert/-/color-convert-2.0.1.tgz",
      "integrity": "sha1-ctOmjVmMm9s68q0ehPIdiWq9TeM=",
      "requires": {
        "color-name": "~1.1.4"
      }
    },
    "color-name": {
      "version": "1.1.4",
      "resolved": "http://artifactory.shuttercorp.net/artifactory/api/npm/npm-composite/color-name/-/color-name-1.1.4.tgz",
      "integrity": "sha1-wqCah6y95pVD3m9j+jmVyCbFNqI="
    },
    "create-require": {
      "version": "1.1.1",
      "resolved": "http://artifactory.shuttercorp.net/artifactory/api/npm/npm-composite/create-require/-/create-require-1.1.1.tgz",
      "integrity": "sha1-wdfo8eX2z8n/ZfnNNS03NIdWwzM="
    },
    "diff": {
      "version": "4.0.2",
      "resolved": "http://artifactory.shuttercorp.net/artifactory/api/npm/npm-composite/diff/-/diff-4.0.2.tgz",
      "integrity": "sha1-YPOuy4nV+uUgwRqhnvwruYKq3n0="
    },
    "emoji-regex": {
      "version": "8.0.0",
      "resolved": "http://artifactory.shuttercorp.net/artifactory/api/npm/npm-composite/emoji-regex/-/emoji-regex-8.0.0.tgz",
      "integrity": "sha1-6Bj9ac5cz8tARZT4QpY79TFkzDc="
    },
    "escalade": {
      "version": "3.1.1",
      "resolved": "http://artifactory.shuttercorp.net/artifactory/api/npm/npm-composite/escalade/-/escalade-3.1.1.tgz",
      "integrity": "sha1-2M/ccACWXFoBdLSoLqpcBVJ0LkA="
    },
    "esprima": {
      "version": "4.0.1",
      "resolved": "http://artifactory.shuttercorp.net/artifactory/api/npm/npm-composite/esprima/-/esprima-4.0.1.tgz",
      "integrity": "sha1-E7BM2z5sXRnfkatph6hpVhmwqnE="
    },
    "get-caller-file": {
      "version": "2.0.5",
      "resolved": "http://artifactory.shuttercorp.net/artifactory/api/npm/npm-composite/get-caller-file/-/get-caller-file-2.0.5.tgz",
      "integrity": "sha1-T5RBKoLbMvNuOwuXQfipf+sDH34="
    },
    "has-flag": {
      "version": "4.0.0",
      "resolved": "http://artifactory.shuttercorp.net/artifactory/api/npm/npm-composite/has-flag/-/has-flag-4.0.0.tgz",
      "integrity": "sha1-lEdx/ZyByBJlxNaUGGDaBrtZR5s="
    },
    "is-fullwidth-code-point": {
      "version": "3.0.0",
      "resolved": "http://artifactory.shuttercorp.net/artifactory/api/npm/npm-composite/is-fullwidth-code-point/-/is-fullwidth-code-point-3.0.0.tgz",
      "integrity": "sha1-8Rb4Bk/pCz94RKOJl8C3UFEmnx0="
    },
    "lodash": {
      "version": "4.17.21",
      "resolved": "http://artifactory.shuttercorp.net/artifactory/api/npm/npm-composite/lodash/-/lodash-4.17.21.tgz",
      "integrity": "sha1-Z5WRxWTDv/quhFTPCz3zcMPWkRw="
    },
    "make-error": {
      "version": "1.3.6",
      "resolved": "http://artifactory.shuttercorp.net/artifactory/api/npm/npm-composite/make-error/-/make-error-1.3.6.tgz",
      "integrity": "sha1-LrLjfqm2fEiR9oShOUeZr0hM96I="
    },
    "marked": {
      "version": "4.3.0",
      "resolved": "http://artifactory.shuttercorp.net/artifactory/api/npm/npm-composite/marked/-/marked-4.3.0.tgz",
      "integrity": "sha1-eWNighsBn3NAVFggOLEWSBtFbPM="
    },
    "marked-terminal": {
      "version": "5.1.1",
      "resolved": "http://artifactory.shuttercorp.net/artifactory/api/npm/npm-composite/marked-terminal/-/marked-terminal-5.1.1.tgz",
      "integrity": "sha1-0u3CmRhB2JPulDtEtAsu6VGLTZ8=",
      "requires": {
        "ansi-escapes": "^5.0.0",
        "cardinal": "^2.1.1",
        "chalk": "^5.0.0",
        "cli-table3": "^0.6.1",
        "node-emoji": "^1.11.0",
        "supports-hyperlinks": "^2.2.0"
      }
    },
    "node-emoji": {
      "version": "1.11.0",
      "resolved": "http://artifactory.shuttercorp.net/artifactory/api/npm/npm-composite/node-emoji/-/node-emoji-1.11.0.tgz",
      "integrity": "sha1-aaAVDmlG4vEV6dfqTfeXHiYoMBw=",
      "requires": {
        "lodash": "^4.17.21"
      }
    },
    "readline-sync": {
      "version": "1.4.10",
      "resolved": "http://artifactory.shuttercorp.net/artifactory/api/npm/npm-composite/readline-sync/-/readline-sync-1.4.10.tgz",
      "integrity": "sha1-Qd9/u0tjEtZzARWUFFcFv1bYhzs="
    },
    "redeyed": {
      "version": "2.1.1",
      "resolved": "http://artifactory.shuttercorp.net/artifactory/api/npm/npm-composite/redeyed/-/redeyed-2.1.1.tgz",
      "integrity": "sha1-iYS1gV2ZyyIEacme7v/jiRPmzAs=",
      "requires": {
        "esprima": "~4.0.0"
      }
    },
    "require-directory": {
      "version": "2.1.1",
      "resolved": "http://artifactory.shuttercorp.net/artifactory/api/npm/npm-composite/require-directory/-/require-directory-2.1.1.tgz",
      "integrity": "sha1-jGStX9MNqxyXbiNE/+f3kqam30I="
    },
    "string-width": {
      "version": "4.2.3",
      "resolved": "http://artifactory.shuttercorp.net/artifactory/api/npm/npm-composite/string-width/-/string-width-4.2.3.tgz",
      "integrity": "sha1-JpxxF9J7Ba0uU2gwqOyJXvnG0BA=",
      "requires": {
        "emoji-regex": "^8.0.0",
        "is-fullwidth-code-point": "^3.0.0",
        "strip-ansi": "^6.0.1"
      }
    },
    "strip-ansi": {
      "version": "6.0.1",
      "resolved": "http://artifactory.shuttercorp.net/artifactory/api/npm/npm-composite/strip-ansi/-/strip-ansi-6.0.1.tgz",
      "integrity": "sha1-nibGPTD1NEPpSJSVshBdN7Z6hdk=",
      "requires": {
        "ansi-regex": "^5.0.1"
      }
    },
    "supports-color": {
      "version": "7.2.0",
      "resolved": "http://artifactory.shuttercorp.net/artifactory/api/npm/npm-composite/supports-color/-/supports-color-7.2.0.tgz",
      "integrity": "sha1-G33NyzK4E4gBs+R4umpRyqiWSNo=",
      "requires": {
        "has-flag": "^4.0.0"
      }
    },
    "supports-hyperlinks": {
      "version": "2.3.0",
      "resolved": "http://artifactory.shuttercorp.net/artifactory/api/npm/npm-composite/supports-hyperlinks/-/supports-hyperlinks-2.3.0.tgz",
      "integrity": "sha1-OUNUQ0fB/5CxXv+wP8FK5F7BBiQ=",
      "requires": {
        "has-flag": "^4.0.0",
        "supports-color": "^7.0.0"
      }
    },
    "ts-node": {
      "version": "10.9.1",
      "resolved": "http://artifactory.shuttercorp.net/artifactory/api/npm/npm-composite/ts-node/-/ts-node-10.9.1.tgz",
      "integrity": "sha1-5z3pEClYr54fCxaKb/Mg4lrc/0s=",
      "requires": {
        "@cspotcode/source-map-support": "^0.8.0",
        "@tsconfig/node10": "^1.0.7",
        "@tsconfig/node12": "^1.0.7",
        "@tsconfig/node14": "^1.0.0",
        "@tsconfig/node16": "^1.0.2",
        "acorn": "^8.4.1",
        "acorn-walk": "^8.1.1",
        "arg": "^4.1.0",
        "create-require": "^1.1.0",
        "diff": "^4.0.1",
        "make-error": "^1.1.1",
        "v8-compile-cache-lib": "^3.0.1",
        "yn": "3.1.1"
      }
    },
    "type-fest": {
      "version": "1.4.0",
      "resolved": "http://artifactory.shuttercorp.net/artifactory/api/npm/npm-composite/type-fest/-/type-fest-1.4.0.tgz",
      "integrity": "sha1-6fuBP+O/F0TsNZ1V0a/++nbxS+E="
    },
    "typescript": {
      "version": "5.0.4",
      "resolved": "http://artifactory.shuttercorp.net/artifactory/api/npm/npm-composite/typescript/-/typescript-5.0.4.tgz",
      "integrity": "sha1-shf9IBGb1hqU1AESdOCrNpBY2js="
    },
    "v8-compile-cache-lib": {
      "version": "3.0.1",
      "resolved": "http://artifactory.shuttercorp.net/artifactory/api/npm/npm-composite/v8-compile-cache-lib/-/v8-compile-cache-lib-3.0.1.tgz",
      "integrity": "sha1-Yzbo1xllyz01obu3hoRFp8BSZL8="
    },
    "wrap-ansi": {
      "version": "7.0.0",
      "resolved": "http://artifactory.shuttercorp.net/artifactory/api/npm/npm-composite/wrap-ansi/-/wrap-ansi-7.0.0.tgz",
      "integrity": "sha1-Z+FFz/UQpqaYS98RUpEdadLrnkM=",
      "requires": {
        "ansi-styles": "^4.0.0",
        "string-width": "^4.1.0",
        "strip-ansi": "^6.0.0"
      }
    },
    "y18n": {
      "version": "5.0.8",
      "resolved": "http://artifactory.shuttercorp.net/artifactory/api/npm/npm-composite/y18n/-/y18n-5.0.8.tgz",
      "integrity": "sha1-f0k00PfKjFb5UxSTndzS3ZHOHVU="
    },
    "yargs": {
      "version": "17.7.1",
      "resolved": "http://artifactory.shuttercorp.net/artifactory/api/npm/npm-composite/yargs/-/yargs-17.7.1.tgz",
      "integrity": "sha1-NKd2RSAdGo/FITrOeHwiDqu9CWc=",
      "requires": {
        "cliui": "^8.0.1",
        "escalade": "^3.1.1",
        "get-caller-file": "^2.0.5",
        "require-directory": "^2.1.1",
        "string-width": "^4.2.3",
        "y18n": "^5.0.5",
        "yargs-parser": "^21.1.1"
      }
    },
    "yargs-parser": {
      "version": "21.1.1",
      "resolved": "http://artifactory.shuttercorp.net/artifactory/api/npm/npm-composite/yargs-parser/-/yargs-parser-21.1.1.tgz",
      "integrity": "sha1-kJa87r+ZDSG7MfqVFuDt4pSnfTU="
    },
    "yn": {
      "version": "3.1.1",
      "resolved": "http://artifactory.shuttercorp.net/artifactory/api/npm/npm-composite/yn/-/yn-3.1.1.tgz",
      "integrity": "sha1-HodAGgnXZ8HV6rJqbkwYUYLS61A="
    }
  }
}
